
Microsoft Visual Studio Solution File, Format Version 12.00
# Visual Studio Version 17
VisualStudioVersion = 17.9.34728.123
MinimumVisualStudioVersion = 10.0.40219.1
Project("{FAE04EC0-301F-11D3-BF4B-00C04F79EFBC}") = "assignment1n01715857", "assignment1n01715857\assignment1n01715857.csproj", "{40AA44E6-2F4E-4DC0-A500-98742F64DB19}"
EndProject
Global
	GlobalSection(SolutionConfigurationPlatforms) = preSolution
		Debug|Any CPU = Debug|Any CPU
		Release|Any CPU = Release|Any CPU
	EndGlobalSection
	GlobalSection(ProjectConfigurationPlatforms) = postSolution
		{40AA44E6-2F4E-4DC0-A500-98742F64DB19}.Debug|Any CPU.ActiveCfg = Debug|Any CPU
		{40AA44E6-2F4E-4DC0-A500-98742F64DB19}.Debug|Any CPU.Build.0 = Debug|Any CPU
		{40AA44E6-2F4E-4DC0-A500-98742F64DB19}.Release|Any CPU.ActiveCfg = Release|Any CPU
		{40AA44E6-2F4E-4DC0-A500-98742F64DB19}.Release|Any CPU.Build.0 = Release|Any CPU
	EndGlobalSection
	GlobalSection(SolutionProperties) = preSolution
		HideSolutionNode = FALSE
	EndGlobalSection
	GlobalSection(ExtensibilityGlobals) = postSolution
		SolutionGuid = {DE6B151C-5828-4AF4-8248-C87F481DB1E8}
	EndGlobalSection
EndGlobal
